
Microsoft Visual Studio Solution File, Format Version 12.00
# Visual Studio Version 16
VisualStudioVersion = 16.0.30104.148
MinimumVisualStudioVersion = 10.0.40219.1
Project("{FAE04EC0-301F-11D3-BF4B-00C04F79EFBC}") = "PlayListGenerator", "PlayListGenerator.csproj", "{206BF8BF-34ED-492F-821E-67CC8BCBD573}"
EndProject
Project("{FAE04EC0-301F-11D3-BF4B-00C04F79EFBC}") = "PlayListGenerator_UnitTests", "PlayListGenerator_UnitTests\PlayListGenerator_UnitTests.csproj", "{D703707F-F1C2-4346-B7DE-5E182808DF50}"
EndProject
Global
	GlobalSection(SolutionConfigurationPlatforms) = preSolution
		Debug|Any CPU = Debug|Any CPU
		Release|Any CPU = Release|Any CPU
	EndGlobalSection
	GlobalSection(ProjectConfigurationPlatforms) = postSolution
		{206BF8BF-34ED-492F-821E-67CC8BCBD573}.Debug|Any CPU.ActiveCfg = Debug|Any CPU
		{206BF8BF-34ED-492F-821E-67CC8BCBD573}.Debug|Any CPU.Build.0 = Debug|Any CPU
		{206BF8BF-34ED-492F-821E-67CC8BCBD573}.Release|Any CPU.ActiveCfg = Release|Any CPU
		{206BF8BF-34ED-492F-821E-67CC8BCBD573}.Release|Any CPU.Build.0 = Release|Any CPU
		{D703707F-F1C2-4346-B7DE-5E182808DF50}.Debug|Any CPU.ActiveCfg = Debug|Any CPU
		{D703707F-F1C2-4346-B7DE-5E182808DF50}.Debug|Any CPU.Build.0 = Debug|Any CPU
		{D703707F-F1C2-4346-B7DE-5E182808DF50}.Release|Any CPU.ActiveCfg = Release|Any CPU
		{D703707F-F1C2-4346-B7DE-5E182808DF50}.Release|Any CPU.Build.0 = Release|Any CPU
	EndGlobalSection
	GlobalSection(SolutionProperties) = preSolution
		HideSolutionNode = FALSE
	EndGlobalSection
	GlobalSection(ExtensibilityGlobals) = postSolution
		SolutionGuid = {29536339-1C7A-4B66-94A8-8B26785B4A3A}
	EndGlobalSection
EndGlobal
